
Microsoft Visual Studio Solution File, Format Version 12.00
# Visual Studio Version 16
VisualStudioVersion = 16.0.31729.503
MinimumVisualStudioVersion = 10.0.40219.1
Project("{FAE04EC0-301F-11D3-BF4B-00C04F79EFBC}") = "InventoryDataManagement", "InventoryDataManagement\InventoryDataManagement.csproj", "{91A86009-A4C9-4EE0-A738-99156D0A108F}"
EndProject
Global
	GlobalSection(SolutionConfigurationPlatforms) = preSolution
		Debug|Any CPU = Debug|Any CPU
		Release|Any CPU = Release|Any CPU
	EndGlobalSection
	GlobalSection(ProjectConfigurationPlatforms) = postSolution
		{91A86009-A4C9-4EE0-A738-99156D0A108F}.Debug|Any CPU.ActiveCfg = Debug|Any CPU
		{91A86009-A4C9-4EE0-A738-99156D0A108F}.Debug|Any CPU.Build.0 = Debug|Any CPU
		{91A86009-A4C9-4EE0-A738-99156D0A108F}.Release|Any CPU.ActiveCfg = Release|Any CPU
		{91A86009-A4C9-4EE0-A738-99156D0A108F}.Release|Any CPU.Build.0 = Release|Any CPU
	EndGlobalSection
	GlobalSection(SolutionProperties) = preSolution
		HideSolutionNode = FALSE
	EndGlobalSection
	GlobalSection(ExtensibilityGlobals) = postSolution
		SolutionGuid = {68D30524-9F60-41A3-91D2-01B5F1121A4D}
	EndGlobalSection
EndGlobal
